
Microsoft Visual Studio Solution File, Format Version 12.00
# Visual Studio Version 17
VisualStudioVersion = 17.4.33213.308
MinimumVisualStudioVersion = 10.0.40219.1
Project("{FAE04EC0-301F-11D3-BF4B-00C04F79EFBC}") = "ReproRoslynError", "ReproRoslynError.csproj", "{A0569F53-87E2-4985-846F-EB5285EE7B99}"
EndProject
Global
	GlobalSection(SolutionConfigurationPlatforms) = preSolution
		Debug|Any CPU = Debug|Any CPU
		Release|Any CPU = Release|Any CPU
	EndGlobalSection
	GlobalSection(ProjectConfigurationPlatforms) = postSolution
		{A0569F53-87E2-4985-846F-EB5285EE7B99}.Debug|Any CPU.ActiveCfg = Debug|Any CPU
		{A0569F53-87E2-4985-846F-EB5285EE7B99}.Debug|Any CPU.Build.0 = Debug|Any CPU
		{A0569F53-87E2-4985-846F-EB5285EE7B99}.Release|Any CPU.ActiveCfg = Release|Any CPU
		{A0569F53-87E2-4985-846F-EB5285EE7B99}.Release|Any CPU.Build.0 = Release|Any CPU
	EndGlobalSection
	GlobalSection(SolutionProperties) = preSolution
		HideSolutionNode = FALSE
	EndGlobalSection
	GlobalSection(ExtensibilityGlobals) = postSolution
		SolutionGuid = {4188AB3D-9F44-44F3-85FB-4143D6100474}
	EndGlobalSection
EndGlobal
